
Microsoft Visual Studio Solution File, Format Version 12.00
# Visual Studio Version 16
VisualStudioVersion = 16.0.29403.142
MinimumVisualStudioVersion = 10.0.40219.1
Project("{9A19103F-16F7-4668-BE54-9A1E7A4F7556}") = "SyncDelegateReview", "SyncDelegateReview\SyncDelegateReview.csproj", "{F6F5CEB0-3DE1-4E51-854E-F0A4D1508F57}"
EndProject
Project("{FAE04EC0-301F-11D3-BF4B-00C04F79EFBC}") = "SynchronousDelegateReview", "SynchronousDelegateReview\SynchronousDelegateReview.csproj", "{FB787052-0F31-497D-B4A0-478125B475AC}"
EndProject
Project("{FAE04EC0-301F-11D3-BF4B-00C04F79EFBC}") = "AsyncCallBackDelegate", "AsyncCallBackDelegate\AsyncCallBackDelegate.csproj", "{1A1DF825-50C1-4E6E-AC24-CD6BD0CEC455}"
EndProject
Project("{FAE04EC0-301F-11D3-BF4B-00C04F79EFBC}") = "ThreadStats", "ThreadStats\ThreadStats.csproj", "{33595D37-7B00-4259-9153-B4D7DE0612B2}"
EndProject
Project("{FAE04EC0-301F-11D3-BF4B-00C04F79EFBC}") = "SimpleMultiThreadedApp", "SimpleMultiThreadedApp\SimpleMultiThreadedApp.csproj", "{D35C2F69-0901-4B97-94F5-BC5F22266F58}"
EndProject
Project("{FAE04EC0-301F-11D3-BF4B-00C04F79EFBC}") = "AddWithThreads", "AddWithThreads\AddWithThreads.csproj", "{F5E8492A-717A-44F6-AC5A-7004D76BB9B3}"
EndProject
Project("{FAE04EC0-301F-11D3-BF4B-00C04F79EFBC}") = "BackGroundThread", "BackGroundThread\BackGroundThread.csproj", "{C1E53D39-0494-4E0D-8082-AD70334D08DD}"
EndProject
Project("{FAE04EC0-301F-11D3-BF4B-00C04F79EFBC}") = "MultiThreadedPrinting", "MultiThreadedPrinting\MultiThreadedPrinting.csproj", "{CB73EE9E-2D49-41AA-A4BE-B6BB7948E28C}"
EndProject
Global
	GlobalSection(SolutionConfigurationPlatforms) = preSolution
		Debug|Any CPU = Debug|Any CPU
		Release|Any CPU = Release|Any CPU
	EndGlobalSection
	GlobalSection(ProjectConfigurationPlatforms) = postSolution
		{F6F5CEB0-3DE1-4E51-854E-F0A4D1508F57}.Debug|Any CPU.ActiveCfg = Debug|Any CPU
		{F6F5CEB0-3DE1-4E51-854E-F0A4D1508F57}.Debug|Any CPU.Build.0 = Debug|Any CPU
		{F6F5CEB0-3DE1-4E51-854E-F0A4D1508F57}.Release|Any CPU.ActiveCfg = Release|Any CPU
		{F6F5CEB0-3DE1-4E51-854E-F0A4D1508F57}.Release|Any CPU.Build.0 = Release|Any CPU
		{FB787052-0F31-497D-B4A0-478125B475AC}.Debug|Any CPU.ActiveCfg = Debug|Any CPU
		{FB787052-0F31-497D-B4A0-478125B475AC}.Debug|Any CPU.Build.0 = Debug|Any CPU
		{FB787052-0F31-497D-B4A0-478125B475AC}.Release|Any CPU.ActiveCfg = Release|Any CPU
		{FB787052-0F31-497D-B4A0-478125B475AC}.Release|Any CPU.Build.0 = Release|Any CPU
		{1A1DF825-50C1-4E6E-AC24-CD6BD0CEC455}.Debug|Any CPU.ActiveCfg = Debug|Any CPU
		{1A1DF825-50C1-4E6E-AC24-CD6BD0CEC455}.Debug|Any CPU.Build.0 = Debug|Any CPU
		{1A1DF825-50C1-4E6E-AC24-CD6BD0CEC455}.Release|Any CPU.ActiveCfg = Release|Any CPU
		{1A1DF825-50C1-4E6E-AC24-CD6BD0CEC455}.Release|Any CPU.Build.0 = Release|Any CPU
		{33595D37-7B00-4259-9153-B4D7DE0612B2}.Debug|Any CPU.ActiveCfg = Debug|Any CPU
		{33595D37-7B00-4259-9153-B4D7DE0612B2}.Debug|Any CPU.Build.0 = Debug|Any CPU
		{33595D37-7B00-4259-9153-B4D7DE0612B2}.Release|Any CPU.ActiveCfg = Release|Any CPU
		{33595D37-7B00-4259-9153-B4D7DE0612B2}.Release|Any CPU.Build.0 = Release|Any CPU
		{D35C2F69-0901-4B97-94F5-BC5F22266F58}.Debug|Any CPU.ActiveCfg = Debug|Any CPU
		{D35C2F69-0901-4B97-94F5-BC5F22266F58}.Debug|Any CPU.Build.0 = Debug|Any CPU
		{D35C2F69-0901-4B97-94F5-BC5F22266F58}.Release|Any CPU.ActiveCfg = Release|Any CPU
		{D35C2F69-0901-4B97-94F5-BC5F22266F58}.Release|Any CPU.Build.0 = Release|Any CPU
		{F5E8492A-717A-44F6-AC5A-7004D76BB9B3}.Debug|Any CPU.ActiveCfg = Debug|Any CPU
		{F5E8492A-717A-44F6-AC5A-7004D76BB9B3}.Debug|Any CPU.Build.0 = Debug|Any CPU
		{F5E8492A-717A-44F6-AC5A-7004D76BB9B3}.Release|Any CPU.ActiveCfg = Release|Any CPU
		{F5E8492A-717A-44F6-AC5A-7004D76BB9B3}.Release|Any CPU.Build.0 = Release|Any CPU
		{C1E53D39-0494-4E0D-8082-AD70334D08DD}.Debug|Any CPU.ActiveCfg = Debug|Any CPU
		{C1E53D39-0494-4E0D-8082-AD70334D08DD}.Debug|Any CPU.Build.0 = Debug|Any CPU
		{C1E53D39-0494-4E0D-8082-AD70334D08DD}.Release|Any CPU.ActiveCfg = Release|Any CPU
		{C1E53D39-0494-4E0D-8082-AD70334D08DD}.Release|Any CPU.Build.0 = Release|Any CPU
		{CB73EE9E-2D49-41AA-A4BE-B6BB7948E28C}.Debug|Any CPU.ActiveCfg = Debug|Any CPU
		{CB73EE9E-2D49-41AA-A4BE-B6BB7948E28C}.Debug|Any CPU.Build.0 = Debug|Any CPU
		{CB73EE9E-2D49-41AA-A4BE-B6BB7948E28C}.Release|Any CPU.ActiveCfg = Release|Any CPU
		{CB73EE9E-2D49-41AA-A4BE-B6BB7948E28C}.Release|Any CPU.Build.0 = Release|Any CPU
	EndGlobalSection
	GlobalSection(SolutionProperties) = preSolution
		HideSolutionNode = FALSE
	EndGlobalSection
	GlobalSection(ExtensibilityGlobals) = postSolution
		SolutionGuid = {85EE3FFC-D54E-42A3-9139-678BAE7B2830}
	EndGlobalSection
EndGlobal
